
Microsoft Visual Studio Solution File, Format Version 12.00
# Visual Studio Version 17
VisualStudioVersion = 17.13.35931.197 d17.13
MinimumVisualStudioVersion = 10.0.40219.1
Project("{FAE04EC0-301F-11D3-BF4B-00C04F79EFBC}") = "The Evil Within Audio Manager", "The Evil Within Audio Manager.csproj", "{A48BF24A-81A7-4A7B-A7AC-76E3201856EA}"
EndProject
Global
	GlobalSection(SolutionConfigurationPlatforms) = preSolution
		Debug|Any CPU = Debug|Any CPU
		Release|Any CPU = Release|Any CPU
	EndGlobalSection
	GlobalSection(ProjectConfigurationPlatforms) = postSolution
		{A48BF24A-81A7-4A7B-A7AC-76E3201856EA}.Debug|Any CPU.ActiveCfg = Debug|Any CPU
		{A48BF24A-81A7-4A7B-A7AC-76E3201856EA}.Debug|Any CPU.Build.0 = Debug|Any CPU
		{A48BF24A-81A7-4A7B-A7AC-76E3201856EA}.Release|Any CPU.ActiveCfg = Release|Any CPU
		{A48BF24A-81A7-4A7B-A7AC-76E3201856EA}.Release|Any CPU.Build.0 = Release|Any CPU
	EndGlobalSection
	GlobalSection(SolutionProperties) = preSolution
		HideSolutionNode = FALSE
	EndGlobalSection
	GlobalSection(ExtensibilityGlobals) = postSolution
		SolutionGuid = {51DCBA87-C113-44A9-A3C7-909ACC5144AB}
	EndGlobalSection
EndGlobal
